
Microsoft Visual Studio Solution File, Format Version 12.00
# Visual Studio Version 16
VisualStudioVersion = 16.0.28803.352
MinimumVisualStudioVersion = 10.0.40219.1
Project("{8BC9CEB8-8B4A-11D0-8D11-00A0C91BC942}") = "study-iut-oop-4-semester-lab-1", "study-iut-oop-4-semester-lab-1.vcxproj", "{15D791A6-E389-45FC-B06F-616860CE530D}"
EndProject
Global
	GlobalSection(SolutionConfigurationPlatforms) = preSolution
		Debug|x64 = Debug|x64
		Debug|x86 = Debug|x86
		Release|x64 = Release|x64
		Release|x86 = Release|x86
	EndGlobalSection
	GlobalSection(ProjectConfigurationPlatforms) = postSolution
		{15D791A6-E389-45FC-B06F-616860CE530D}.Debug|x64.ActiveCfg = Debug|x64
		{15D791A6-E389-45FC-B06F-616860CE530D}.Debug|x64.Build.0 = Debug|x64
		{15D791A6-E389-45FC-B06F-616860CE530D}.Debug|x86.ActiveCfg = Debug|Win32
		{15D791A6-E389-45FC-B06F-616860CE530D}.Debug|x86.Build.0 = Debug|Win32
		{15D791A6-E389-45FC-B06F-616860CE530D}.Release|x64.ActiveCfg = Release|x64
		{15D791A6-E389-45FC-B06F-616860CE530D}.Release|x64.Build.0 = Release|x64
		{15D791A6-E389-45FC-B06F-616860CE530D}.Release|x86.ActiveCfg = Release|Win32
		{15D791A6-E389-45FC-B06F-616860CE530D}.Release|x86.Build.0 = Release|Win32
	EndGlobalSection
	GlobalSection(SolutionProperties) = preSolution
		HideSolutionNode = FALSE
	EndGlobalSection
	GlobalSection(ExtensibilityGlobals) = postSolution
		SolutionGuid = {1FF7B327-CDDA-40BC-9E42-942060986844}
	EndGlobalSection
EndGlobal
